{
  "version": 4,
  "terraform_version": "1.13.0",
  "serial": 6,
  "lineage": "6cf91599-30eb-a4fd-e026-a5d7ff9bcd61",
  "outputs": {},
  "resources": [
    {
      "mode": "managed",
      "type": "aws_iam_role",
      "name": "sagemaker_role",
      "provider": "provider[\"registry.terraform.io/hashicorp/aws\"]",
      "instances": [
        {
          "schema_version": 0,
          "attributes": {
            "arn": "arn:aws:iam::361509912577:role/bpl-sagemaker-execution-role",
            "assume_role_policy": "{\"Statement\":[{\"Action\":\"sts:AssumeRole\",\"Effect\":\"Allow\",\"Principal\":{\"Service\":\"sagemaker.amazonaws.com\"}}],\"Version\":\"2012-10-17\"}",
            "create_date": "2026-01-21T07:03:19Z",
            "description": "",
            "force_detach_policies": false,
            "id": "bpl-sagemaker-execution-role",
            "inline_policy": [
              {
                "name": "terraform-20260121070320655900000001",
                "policy": "{\"Version\":\"2012-10-17\",\"Statement\":[{\"Action\":[\"s3:GetObject\",\"s3:PutObject\",\"s3:ListBucket\"],\"Effect\":\"Allow\",\"Resource\":\"*\"},{\"Action\":[\"logs:CreateLogGroup\",\"logs:CreateLogStream\",\"logs:PutLogEvents\"],\"Effect\":\"Allow\",\"Resource\":\"*\"}]}"
              }
            ],
            "managed_policy_arns": [],
            "max_session_duration": 3600,
            "name": "bpl-sagemaker-execution-role",
            "name_prefix": "",
            "path": "/",
            "permissions_boundary": "",
            "tags": {},
            "tags_all": {},
            "unique_id": "AROAVIK5LQAAY7CG45AGP"
          },
          "sensitive_attributes": [],
          "identity_schema_version": 0,
          "private": "bnVsbA=="
        }
      ]
    },
    {
      "mode": "managed",
      "type": "aws_iam_role_policy",
      "name": "sagemaker_policy",
      "provider": "provider[\"registry.terraform.io/hashicorp/aws\"]",
      "instances": [
        {
          "schema_version": 0,
          "attributes": {
            "id": "bpl-sagemaker-execution-role:terraform-20260121070320655900000001",
            "name": "terraform-20260121070320655900000001",
            "name_prefix": "terraform-",
            "policy": "{\"Version\":\"2012-10-17\",\"Statement\":[{\"Action\":[\"s3:GetObject\",\"s3:PutObject\",\"s3:ListBucket\"],\"Effect\":\"Allow\",\"Resource\":\"*\"},{\"Action\":[\"logs:CreateLogGroup\",\"logs:CreateLogStream\",\"logs:PutLogEvents\"],\"Effect\":\"Allow\",\"Resource\":\"*\"}]}",
            "role": "bpl-sagemaker-execution-role"
          },
          "sensitive_attributes": [],
          "identity_schema_version": 0,
          "private": "bnVsbA==",
          "dependencies": [
            "aws_iam_role.sagemaker_role"
          ]
        }
      ]
    },
    {
      "mode": "managed",
      "type": "aws_sagemaker_pipeline",
      "name": "dq_pipeline",
      "provider": "provider[\"registry.terraform.io/hashicorp/aws\"]",
      "instances": [
        {
          "schema_version": 0,
          "attributes": {
            "arn": "arn:aws:sagemaker:us-east-1:361509912577:pipeline/bpl-dq-pipeline",
            "id": "bpl-dq-pipeline",
            "parallelism_configuration": [],
            "pipeline_definition": "{\"Parameters\":[{\"DefaultValue\":\"s3://bpl-ml-artifacts-234}/input/\",\"Name\":\"InputData\",\"Type\":\"String\"}],\"Steps\":[{\"Arguments\":{\"AppSpecification\":{\"ImageUri\":\"763104351884.dkr.ecr.us-east-1.amazonaws.com/sagemaker-processing-container:latest\"},\"ProcessingInputs\":[{\"InputName\":\"input\",\"S3Input\":{\"LocalPath\":\"/opt/ml/processing/input\",\"S3DataType\":\"S3Prefix\",\"S3Uri\":{\"Get\":\"Parameters.InputData\"}}}],\"ProcessingResources\":{\"ClusterConfig\":{\"InstanceCount\":1,\"InstanceType\":\"ml.m5.large\",\"VolumeSizeInGB\":30}}},\"Name\":\"DataQualityCheck\",\"Type\":\"Processing\"}],\"Version\":\"2020-12-01\"}",
            "pipeline_definition_s3_location": [],
            "pipeline_description": "",
            "pipeline_display_name": "TimesheetTimeline",
            "pipeline_name": "bpl-dq-pipeline",
            "role_arn": "arn:aws:iam::361509912577:role/bpl-sagemaker-execution-role",
            "tags": null,
            "tags_all": {}
          },
          "sensitive_attributes": [],
          "identity_schema_version": 0,
          "private": "bnVsbA==",
          "dependencies": [
            "aws_iam_role.sagemaker_role"
          ]
        }
      ]
    }
  ],
  "check_results": null
}
